
Microsoft Visual Studio Solution File, Format Version 12.00
# Visual Studio Version 16
VisualStudioVersion = 16.0.31911.196
MinimumVisualStudioVersion = 10.0.40219.1
Project("{9A19103F-16F7-4668-BE54-9A1E7A4F7556}") = "AR.P2.Worker", "AR.P2.Worker\AR.P2.Worker.csproj", "{DE115996-FA31-42A9-8FCA-BD210B227ED0}"
EndProject
Project("{9A19103F-16F7-4668-BE54-9A1E7A4F7556}") = "AR.P2.Manager", "AR.P2.Manager\AR.P2.Manager.csproj", "{D66967F3-81B2-45D2-8E07-CF4F17D07ACD}"
EndProject
Project("{9A19103F-16F7-4668-BE54-9A1E7A4F7556}") = "AR.P2.FileCreator", "AR.P2.FileCreator\AR.P2.FileCreator.csproj", "{7B8195BF-C170-4159-BFB5-48BFC56BC97E}"
EndProject
Project("{FAE04EC0-301F-11D3-BF4B-00C04F79EFBC}") = "AR.P2.Algo", "AR.P2.Algo\AR.P2.Algo.csproj", "{F2EFB350-B0B1-4ACF-9510-856055F3F1BF}"
EndProject
Global
	GlobalSection(SolutionConfigurationPlatforms) = preSolution
		Debug|Any CPU = Debug|Any CPU
		Release|Any CPU = Release|Any CPU
	EndGlobalSection
	GlobalSection(ProjectConfigurationPlatforms) = postSolution
		{DE115996-FA31-42A9-8FCA-BD210B227ED0}.Debug|Any CPU.ActiveCfg = Debug|Any CPU
		{DE115996-FA31-42A9-8FCA-BD210B227ED0}.Debug|Any CPU.Build.0 = Debug|Any CPU
		{DE115996-FA31-42A9-8FCA-BD210B227ED0}.Release|Any CPU.ActiveCfg = Release|Any CPU
		{DE115996-FA31-42A9-8FCA-BD210B227ED0}.Release|Any CPU.Build.0 = Release|Any CPU
		{D66967F3-81B2-45D2-8E07-CF4F17D07ACD}.Debug|Any CPU.ActiveCfg = Debug|Any CPU
		{D66967F3-81B2-45D2-8E07-CF4F17D07ACD}.Debug|Any CPU.Build.0 = Debug|Any CPU
		{D66967F3-81B2-45D2-8E07-CF4F17D07ACD}.Release|Any CPU.ActiveCfg = Release|Any CPU
		{D66967F3-81B2-45D2-8E07-CF4F17D07ACD}.Release|Any CPU.Build.0 = Release|Any CPU
		{7B8195BF-C170-4159-BFB5-48BFC56BC97E}.Debug|Any CPU.ActiveCfg = Debug|Any CPU
		{7B8195BF-C170-4159-BFB5-48BFC56BC97E}.Debug|Any CPU.Build.0 = Debug|Any CPU
		{7B8195BF-C170-4159-BFB5-48BFC56BC97E}.Release|Any CPU.ActiveCfg = Release|Any CPU
		{7B8195BF-C170-4159-BFB5-48BFC56BC97E}.Release|Any CPU.Build.0 = Release|Any CPU
		{F2EFB350-B0B1-4ACF-9510-856055F3F1BF}.Debug|Any CPU.ActiveCfg = Debug|Any CPU
		{F2EFB350-B0B1-4ACF-9510-856055F3F1BF}.Debug|Any CPU.Build.0 = Debug|Any CPU
		{F2EFB350-B0B1-4ACF-9510-856055F3F1BF}.Release|Any CPU.ActiveCfg = Release|Any CPU
		{F2EFB350-B0B1-4ACF-9510-856055F3F1BF}.Release|Any CPU.Build.0 = Release|Any CPU
	EndGlobalSection
	GlobalSection(SolutionProperties) = preSolution
		HideSolutionNode = FALSE
	EndGlobalSection
	GlobalSection(ExtensibilityGlobals) = postSolution
		SolutionGuid = {4E5A9516-3354-4FCE-985E-25F44136A943}
	EndGlobalSection
EndGlobal
